// !$*UTF8*$!
{
	archiveVersion = 1;
	classes = {
	};
	objectVersion = 46;
	objects = {

/* Begin PBXBuildFile section */
		81B75EAA1CCF116A00307135 /* UIView+BPView.m in Sources */ = {isa = PBXBuildFile; fileRef = 81B75E791CCF116A00307135 /* UIView+BPView.m */; };
		81B75EAB1CCF116A00307135 /* BPNaviController.m in Sources */ = {isa = PBXBuildFile; fileRef = 81B75E7D1CCF116A00307135 /* BPNaviController.m */; };
		81B75EAC1CCF116A00307135 /* BPNavigationBar.m in Sources */ = {isa = PBXBuildFile; fileRef = 81B75E7F1CCF116A00307135 /* BPNavigationBar.m */; };
		81B75EAD1CCF116A00307135 /* BPViewController.m in Sources */ = {isa = PBXBuildFile; fileRef = 81B75E811CCF116A00307135 /* BPViewController.m */; };
		81B75EAE1CCF116A00307135 /* BPButton.m in Sources */ = {isa = PBXBuildFile; fileRef = 81B75E841CCF116A00307135 /* BPButton.m */; };
		81B75EAF1CCF116A00307135 /* BPView.xib in Resources */ = {isa = PBXBuildFile; fileRef = 81B75E861CCF116A00307135 /* BPView.xib */; };
		81B75EB01CCF116A00307135 /* Storyboard.storyboard in Resources */ = {isa = PBXBuildFile; fileRef = 81B75E871CCF116A00307135 /* Storyboard.storyboard */; };
		81B75EB11CCF116A00307135 /* AppDelegate.m in Sources */ = {isa = PBXBuildFile; fileRef = 81B75E8A1CCF116A00307135 /* AppDelegate.m */; };
		81B75EB21CCF116A00307135 /* main.m in Sources */ = {isa = PBXBuildFile; fileRef = 81B75E8B1CCF116A00307135 /* main.m */; };
		81B75EB31CCF116A00307135 /* BPAlterController.m in Sources */ = {isa = PBXBuildFile; fileRef = 81B75E901CCF116A00307135 /* BPAlterController.m */; };
		81B75EB41CCF116A00307135 /* BPIntroduce.m in Sources */ = {isa = PBXBuildFile; fileRef = 81B75E921CCF116A00307135 /* BPIntroduce.m */; };
		81B75EB51CCF116A00307135 /* BPNextController.m in Sources */ = {isa = PBXBuildFile; fileRef = 81B75E941CCF116A00307135 /* BPNextController.m */; };
		81B75EB61CCF116A00307135 /* BPScoreController.m in Sources */ = {isa = PBXBuildFile; fileRef = 81B75E961CCF116A00307135 /* BPScoreController.m */; };
		81B75EB71CCF116A00307135 /* BPTableController.m in Sources */ = {isa = PBXBuildFile; fileRef = 81B75E981CCF116A00307135 /* BPTableController.m */; };
		81B75EB81CCF116A00307135 /* BPTableViewController.m in Sources */ = {isa = PBXBuildFile; fileRef = 81B75E9A1CCF116A00307135 /* BPTableViewController.m */; };
		81B75EB91CCF116A00307135 /* BPPath.m in Sources */ = {isa = PBXBuildFile; fileRef = 81B75E9D1CCF116A00307135 /* BPPath.m */; };
		81B75EBA1CCF116A00307135 /* BPScore.m in Sources */ = {isa = PBXBuildFile; fileRef = 81B75E9F1CCF116A00307135 /* BPScore.m */; };
		81B75EBB1CCF116A00307135 /* BPAlterController.xib in Resources */ = {isa = PBXBuildFile; fileRef = 81B75EA11CCF116A00307135 /* BPAlterController.xib */; };
		81B75EBC1CCF116A00307135 /* BPIntroduce.xib in Resources */ = {isa = PBXBuildFile; fileRef = 81B75EA21CCF116A00307135 /* BPIntroduce.xib */; };
		81B75EBD1CCF116A00307135 /* BPNextController.xib in Resources */ = {isa = PBXBuildFile; fileRef = 81B75EA31CCF116A00307135 /* BPNextController.xib */; };
		81B75EBF1CCF116A00307135 /* BPTableViewCell.xib in Resources */ = {isa = PBXBuildFile; fileRef = 81B75EA61CCF116A00307135 /* BPTableViewCell.xib */; };
		81B75EC01CCF116A00307135 /* BPTools.m in Sources */ = {isa = PBXBuildFile; fileRef = 81B75EA91CCF116A00307135 /* BPTools.m */; };
		81B75EC31CCF7C6F00307135 /* BPTableViewCell.m in Sources */ = {isa = PBXBuildFile; fileRef = 81B75EC21CCF7C6F00307135 /* BPTableViewCell.m */; };
		81ED8FF01CC46ADA007A87E0 /* Assets.xcassets in Resources */ = {isa = PBXBuildFile; fileRef = 81ED8FEF1CC46ADA007A87E0 /* Assets.xcassets */; };
		81ED8FF31CC46ADA007A87E0 /* LaunchScreen.storyboard in Resources */ = {isa = PBXBuildFile; fileRef = 81ED8FF11CC46ADA007A87E0 /* LaunchScreen.storyboard */; };
		81ED8FFE1CC46ADA007A87E0 /* BubblePopTests.m in Sources */ = {isa = PBXBuildFile; fileRef = 81ED8FFD1CC46ADA007A87E0 /* BubblePopTests.m */; };
		81ED90091CC46ADA007A87E0 /* BubblePopUITests.m in Sources */ = {isa = PBXBuildFile; fileRef = 81ED90081CC46ADA007A87E0 /* BubblePopUITests.m */; };
/* End PBXBuildFile section */

/* Begin PBXContainerItemProxy section */
		81ED8FFA1CC46ADA007A87E0 /* PBXContainerItemProxy */ = {
			isa = PBXContainerItemProxy;
			containerPortal = 81ED8FD81CC46ADA007A87E0 /* Project object */;
			proxyType = 1;
			remoteGlobalIDString = 81ED8FDF1CC46ADA007A87E0;
			remoteInfo = BubblePop;
		};
		81ED90051CC46ADA007A87E0 /* PBXContainerItemProxy */ = {
			isa = PBXContainerItemProxy;
			containerPortal = 81ED8FD81CC46ADA007A87E0 /* Project object */;
			proxyType = 1;
			remoteGlobalIDString = 81ED8FDF1CC46ADA007A87E0;
			remoteInfo = BubblePop;
		};
/* End PBXContainerItemProxy section */

/* Begin PBXFileReference section */
		81B75E781CCF116A00307135 /* UIView+BPView.h */ = {isa = PBXFileReference; fileEncoding = 4; lastKnownFileType = sourcecode.c.h; path = "UIView+BPView.h"; sourceTree = "<group>"; };
		81B75E791CCF116A00307135 /* UIView+BPView.m */ = {isa = PBXFileReference; fileEncoding = 4; lastKnownFileType = sourcecode.c.objc; path = "UIView+BPView.m"; sourceTree = "<group>"; };
		81B75E7C1CCF116A00307135 /* BPNaviController.h */ = {isa = PBXFileReference; fileEncoding = 4; lastKnownFileType = sourcecode.c.h; path = BPNaviController.h; sourceTree = "<group>"; };
		81B75E7D1CCF116A00307135 /* BPNaviController.m */ = {isa = PBXFileReference; fileEncoding = 4; lastKnownFileType = sourcecode.c.objc; path = BPNaviController.m; sourceTree = "<group>"; };
		81B75E7E1CCF116A00307135 /* BPNavigationBar.h */ = {isa = PBXFileReference; fileEncoding = 4; lastKnownFileType = sourcecode.c.h; path = BPNavigationBar.h; sourceTree = "<group>"; };
		81B75E7F1CCF116A00307135 /* BPNavigationBar.m */ = {isa = PBXFileReference; fileEncoding = 4; lastKnownFileType = sourcecode.c.objc; path = BPNavigationBar.m; sourceTree = "<group>"; };
		81B75E801CCF116A00307135 /* BPViewController.h */ = {isa = PBXFileReference; fileEncoding = 4; lastKnownFileType = sourcecode.c.h; path = BPViewController.h; sourceTree = "<group>"; };
		81B75E811CCF116A00307135 /* BPViewController.m */ = {isa = PBXFileReference; fileEncoding = 4; lastKnownFileType = sourcecode.c.objc; path = BPViewController.m; sourceTree = "<group>"; };
		81B75E831CCF116A00307135 /* BPButton.h */ = {isa = PBXFileReference; fileEncoding = 4; lastKnownFileType = sourcecode.c.h; path = BPButton.h; sourceTree = "<group>"; };
		81B75E841CCF116A00307135 /* BPButton.m */ = {isa = PBXFileReference; fileEncoding = 4; lastKnownFileType = sourcecode.c.objc; path = BPButton.m; sourceTree = "<group>"; };
		81B75E861CCF116A00307135 /* BPView.xib */ = {isa = PBXFileReference; fileEncoding = 4; lastKnownFileType = file.xib; path = BPView.xib; sourceTree = "<group>"; };
		81B75E871CCF116A00307135 /* Storyboard.storyboard */ = {isa = PBXFileReference; fileEncoding = 4; lastKnownFileType = file.storyboard; path = Storyboard.storyboard; sourceTree = "<group>"; };
		81B75E891CCF116A00307135 /* AppDelegate.h */ = {isa = PBXFileReference; fileEncoding = 4; lastKnownFileType = sourcecode.c.h; path = AppDelegate.h; sourceTree = "<group>"; };
		81B75E8A1CCF116A00307135 /* AppDelegate.m */ = {isa = PBXFileReference; fileEncoding = 4; lastKnownFileType = sourcecode.c.objc; path = AppDelegate.m; sourceTree = "<group>"; };
		81B75E8B1CCF116A00307135 /* main.m */ = {isa = PBXFileReference; fileEncoding = 4; lastKnownFileType = sourcecode.c.objc; path = main.m; sourceTree = "<group>"; };
		81B75E8C1CCF116A00307135 /* PrefixHeader.pch */ = {isa = PBXFileReference; fileEncoding = 4; lastKnownFileType = sourcecode.c.h; path = PrefixHeader.pch; sourceTree = "<group>"; };
		81B75E8F1CCF116A00307135 /* BPAlterController.h */ = {isa = PBXFileReference; fileEncoding = 4; lastKnownFileType = sourcecode.c.h; path = BPAlterController.h; sourceTree = "<group>"; };
		81B75E901CCF116A00307135 /* BPAlterController.m */ = {isa = PBXFileReference; fileEncoding = 4; lastKnownFileType = sourcecode.c.objc; path = BPAlterController.m; sourceTree = "<group>"; };
		81B75E911CCF116A00307135 /* BPIntroduce.h */ = {isa = PBXFileReference; fileEncoding = 4; lastKnownFileType = sourcecode.c.h; path = BPIntroduce.h; sourceTree = "<group>"; };
		81B75E921CCF116A00307135 /* BPIntroduce.m */ = {isa = PBXFileReference; fileEncoding = 4; lastKnownFileType = sourcecode.c.objc; path = BPIntroduce.m; sourceTree = "<group>"; };
		81B75E931CCF116A00307135 /* BPNextController.h */ = {isa = PBXFileReference; fileEncoding = 4; lastKnownFileType = sourcecode.c.h; path = BPNextController.h; sourceTree = "<group>"; };
		81B75E941CCF116A00307135 /* BPNextController.m */ = {isa = PBXFileReference; fileEncoding = 4; lastKnownFileType = sourcecode.c.objc; path = BPNextController.m; sourceTree = "<group>"; };
		81B75E951CCF116A00307135 /* BPScoreController.h */ = {isa = PBXFileReference; fileEncoding = 4; lastKnownFileType = sourcecode.c.h; path = BPScoreController.h; sourceTree = "<group>"; };
		81B75E961CCF116A00307135 /* BPScoreController.m */ = {isa = PBXFileReference; fileEncoding = 4; lastKnownFileType = sourcecode.c.objc; path = BPScoreController.m; sourceTree = "<group>"; };
		81B75E971CCF116A00307135 /* BPTableController.h */ = {isa = PBXFileReference; fileEncoding = 4; lastKnownFileType = sourcecode.c.h; path = BPTableController.h; sourceTree = "<group>"; };
		81B75E981CCF116A00307135 /* BPTableController.m */ = {isa = PBXFileReference; fileEncoding = 4; lastKnownFileType = sourcecode.c.objc; path = BPTableController.m; sourceTree = "<group>"; };
		81B75E991CCF116A00307135 /* BPTableViewController.h */ = {isa = PBXFileReference; fileEncoding = 4; lastKnownFileType = sourcecode.c.h; path = BPTableViewController.h; sourceTree = "<group>"; };
		81B75E9A1CCF116A00307135 /* BPTableViewController.m */ = {isa = PBXFileReference; fileEncoding = 4; lastKnownFileType = sourcecode.c.objc; path = BPTableViewController.m; sourceTree = "<group>"; };
		81B75E9C1CCF116A00307135 /* BPPath.h */ = {isa = PBXFileReference; fileEncoding = 4; lastKnownFileType = sourcecode.c.h; path = BPPath.h; sourceTree = "<group>"; };
		81B75E9D1CCF116A00307135 /* BPPath.m */ = {isa = PBXFileReference; fileEncoding = 4; lastKnownFileType = sourcecode.c.objc; path = BPPath.m; sourceTree = "<group>"; };
		81B75E9E1CCF116A00307135 /* BPScore.h */ = {isa = PBXFileReference; fileEncoding = 4; lastKnownFileType = sourcecode.c.h; path = BPScore.h; sourceTree = "<group>"; };
		81B75E9F1CCF116A00307135 /* BPScore.m */ = {isa = PBXFileReference; fileEncoding = 4; lastKnownFileType = sourcecode.c.objc; path = BPScore.m; sourceTree = "<group>"; };
		81B75EA11CCF116A00307135 /* BPAlterController.xib */ = {isa = PBXFileReference; fileEncoding = 4; lastKnownFileType = file.xib; path = BPAlterController.xib; sourceTree = "<group>"; };
		81B75EA21CCF116A00307135 /* BPIntroduce.xib */ = {isa = PBXFileReference; fileEncoding = 4; lastKnownFileType = file.xib; path = BPIntroduce.xib; sourceTree = "<group>"; };
		81B75EA31CCF116A00307135 /* BPNextController.xib */ = {isa = PBXFileReference; fileEncoding = 4; lastKnownFileType = file.xib; path = BPNextController.xib; sourceTree = "<group>"; };
		81B75EA61CCF116A00307135 /* BPTableViewCell.xib */ = {isa = PBXFileReference; fileEncoding = 4; lastKnownFileType = file.xib; path = BPTableViewCell.xib; sourceTree = "<group>"; };
		81B75EA81CCF116A00307135 /* BPTools.h */ = {isa = PBXFileReference; fileEncoding = 4; lastKnownFileType = sourcecode.c.h; path = BPTools.h; sourceTree = "<group>"; };
		81B75EA91CCF116A00307135 /* BPTools.m */ = {isa = PBXFileReference; fileEncoding = 4; lastKnownFileType = sourcecode.c.objc; path = BPTools.m; sourceTree = "<group>"; };
		81B75EC11CCF7C6F00307135 /* BPTableViewCell.h */ = {isa = PBXFileReference; fileEncoding = 4; lastKnownFileType = sourcecode.c.h; path = BPTableViewCell.h; sourceTree = "<group>"; };
		81B75EC21CCF7C6F00307135 /* BPTableViewCell.m */ = {isa = PBXFileReference; fileEncoding = 4; lastKnownFileType = sourcecode.c.objc; path = BPTableViewCell.m; sourceTree = "<group>"; };
		81ED8FE01CC46ADA007A87E0 /* BubblePop.app */ = {isa = PBXFileReference; explicitFileType = wrapper.application; includeInIndex = 0; path = BubblePop.app; sourceTree = BUILT_PRODUCTS_DIR; };
		81ED8FEF1CC46ADA007A87E0 /* Assets.xcassets */ = {isa = PBXFileReference; lastKnownFileType = folder.assetcatalog; path = Assets.xcassets; sourceTree = "<group>"; };
		81ED8FF21CC46ADA007A87E0 /* Base */ = {isa = PBXFileReference; lastKnownFileType = file.storyboard; name = Base; path = Base.lproj/LaunchScreen.storyboard; sourceTree = "<group>"; };
		81ED8FF41CC46ADA007A87E0 /* Info.plist */ = {isa = PBXFileReference; lastKnownFileType = text.plist.xml; path = Info.plist; sourceTree = "<group>"; };
		81ED8FF91CC46ADA007A87E0 /* BubblePopTests.xctest */ = {isa = PBXFileReference; explicitFileType = wrapper.cfbundle; includeInIndex = 0; path = BubblePopTests.xctest; sourceTree = BUILT_PRODUCTS_DIR; };
		81ED8FFD1CC46ADA007A87E0 /* BubblePopTests.m */ = {isa = PBXFileReference; lastKnownFileType = sourcecode.c.objc; path = BubblePopTests.m; sourceTree = "<group>"; };
		81ED8FFF1CC46ADA007A87E0 /* Info.plist */ = {isa = PBXFileReference; lastKnownFileType = text.plist.xml; path = Info.plist; sourceTree = "<group>"; };
		81ED90041CC46ADA007A87E0 /* BubblePopUITests.xctest */ = {isa = PBXFileReference; explicitFileType = wrapper.cfbundle; includeInIndex = 0; path = BubblePopUITests.xctest; sourceTree = BUILT_PRODUCTS_DIR; };
		81ED90081CC46ADA007A87E0 /* BubblePopUITests.m */ = {isa = PBXFileReference; lastKnownFileType = sourcecode.c.objc; path = BubblePopUITests.m; sourceTree = "<group>"; };
		81ED900A1CC46ADA007A87E0 /* Info.plist */ = {isa = PBXFileReference; lastKnownFileType = text.plist.xml; path = Info.plist; sourceTree = "<group>"; };
/* End PBXFileReference section */

/* Begin PBXFrameworksBuildPhase section */
		81ED8FDD1CC46ADA007A87E0 /* Frameworks */ = {
			isa = PBXFrameworksBuildPhase;
			buildActionMask = 2147483647;
			files = (
			);
			runOnlyForDeploymentPostprocessing = 0;
		};
		81ED8FF61CC46ADA007A87E0 /* Frameworks */ = {
			isa = PBXFrameworksBuildPhase;
			buildActionMask = 2147483647;
			files = (
			);
			runOnlyForDeploymentPostprocessing = 0;
		};
		81ED90011CC46ADA007A87E0 /* Frameworks */ = {
			isa = PBXFrameworksBuildPhase;
			buildActionMask = 2147483647;
			files = (
			);
			runOnlyForDeploymentPostprocessing = 0;
		};
/* End PBXFrameworksBuildPhase section */

/* Begin PBXGroup section */
		81B75E761CCF116A00307135 /* Class */ = {
			isa = PBXGroup;
			children = (
				81B75E771CCF116A00307135 /* Category */,
				81B75E7A1CCF116A00307135 /* Mian */,
				81B75E881CCF116A00307135 /* Other */,
				81B75E8D1CCF116A00307135 /* Settings */,
				81B75EA71CCF116A00307135 /* Tool */,
			);
			path = Class;
			sourceTree = "<group>";
		};
		81B75E771CCF116A00307135 /* Category */ = {
			isa = PBXGroup;
			children = (
				81B75E781CCF116A00307135 /* UIView+BPView.h */,
				81B75E791CCF116A00307135 /* UIView+BPView.m */,
			);
			path = Category;
			sourceTree = "<group>";
		};
		81B75E7A1CCF116A00307135 /* Mian */ = {
			isa = PBXGroup;
			children = (
				81B75E7B1CCF116A00307135 /* Controller */,
				81B75E821CCF116A00307135 /* Model */,
				81B75E851CCF116A00307135 /* View */,
			);
			path = Mian;
			sourceTree = "<group>";
		};
		81B75E7B1CCF116A00307135 /* Controller */ = {
			isa = PBXGroup;
			children = (
				81B75E7C1CCF116A00307135 /* BPNaviController.h */,
				81B75E7D1CCF116A00307135 /* BPNaviController.m */,
				81B75E7E1CCF116A00307135 /* BPNavigationBar.h */,
				81B75E7F1CCF116A00307135 /* BPNavigationBar.m */,
				81B75E801CCF116A00307135 /* BPViewController.h */,
				81B75E811CCF116A00307135 /* BPViewController.m */,
			);
			path = Controller;
			sourceTree = "<group>";
		};
		81B75E821CCF116A00307135 /* Model */ = {
			isa = PBXGroup;
			children = (
				81B75E831CCF116A00307135 /* BPButton.h */,
				81B75E841CCF116A00307135 /* BPButton.m */,
			);
			path = Model;
			sourceTree = "<group>";
		};
		81B75E851CCF116A00307135 /* View */ = {
			isa = PBXGroup;
			children = (
				81B75E861CCF116A00307135 /* BPView.xib */,
				81B75E871CCF116A00307135 /* Storyboard.storyboard */,
			);
			path = View;
			sourceTree = "<group>";
		};
		81B75E881CCF116A00307135 /* Other */ = {
			isa = PBXGroup;
			children = (
				81B75E891CCF116A00307135 /* AppDelegate.h */,
				81B75E8A1CCF116A00307135 /* AppDelegate.m */,
				81B75E8B1CCF116A00307135 /* main.m */,
				81B75E8C1CCF116A00307135 /* PrefixHeader.pch */,
			);
			path = Other;
			sourceTree = "<group>";
		};
		81B75E8D1CCF116A00307135 /* Settings */ = {
			isa = PBXGroup;
			children = (
				81B75E8E1CCF116A00307135 /* Controller */,
				81B75E9B1CCF116A00307135 /* Model */,
				81B75EA01CCF116A00307135 /* View */,
			);
			path = Settings;
			sourceTree = "<group>";
		};
		81B75E8E1CCF116A00307135 /* Controller */ = {
			isa = PBXGroup;
			children = (
				81B75E8F1CCF116A00307135 /* BPAlterController.h */,
				81B75E901CCF116A00307135 /* BPAlterController.m */,
				81B75E911CCF116A00307135 /* BPIntroduce.h */,
				81B75E921CCF116A00307135 /* BPIntroduce.m */,
				81B75E931CCF116A00307135 /* BPNextController.h */,
				81B75E941CCF116A00307135 /* BPNextController.m */,
				81B75E951CCF116A00307135 /* BPScoreController.h */,
				81B75E961CCF116A00307135 /* BPScoreController.m */,
				81B75E971CCF116A00307135 /* BPTableController.h */,
				81B75E981CCF116A00307135 /* BPTableController.m */,
				81B75E991CCF116A00307135 /* BPTableViewController.h */,
				81B75E9A1CCF116A00307135 /* BPTableViewController.m */,
				81B75EC11CCF7C6F00307135 /* BPTableViewCell.h */,
				81B75EC21CCF7C6F00307135 /* BPTableViewCell.m */,
			);
			path = Controller;
			sourceTree = "<group>";
		};
		81B75E9B1CCF116A00307135 /* Model */ = {
			isa = PBXGroup;
			children = (
				81B75E9C1CCF116A00307135 /* BPPath.h */,
				81B75E9D1CCF116A00307135 /* BPPath.m */,
				81B75E9E1CCF116A00307135 /* BPScore.h */,
				81B75E9F1CCF116A00307135 /* BPScore.m */,
			);
			path = Model;
			sourceTree = "<group>";
		};
		81B75EA01CCF116A00307135 /* View */ = {
			isa = PBXGroup;
			children = (
				81B75EA11CCF116A00307135 /* BPAlterController.xib */,
				81B75EA21CCF116A00307135 /* BPIntroduce.xib */,
				81B75EA31CCF116A00307135 /* BPNextController.xib */,
				81B75EA61CCF116A00307135 /* BPTableViewCell.xib */,
			);
			path = View;
			sourceTree = "<group>";
		};
		81B75EA71CCF116A00307135 /* Tool */ = {
			isa = PBXGroup;
			children = (
				81B75EA81CCF116A00307135 /* BPTools.h */,
				81B75EA91CCF116A00307135 /* BPTools.m */,
			);
			path = Tool;
			sourceTree = "<group>";
		};
		81ED8FD71CC46ADA007A87E0 = {
			isa = PBXGroup;
			children = (
				81ED8FE21CC46ADA007A87E0 /* BubblePop */,
				81ED8FFC1CC46ADA007A87E0 /* BubblePopTests */,
				81ED90071CC46ADA007A87E0 /* BubblePopUITests */,
				81ED8FE11CC46ADA007A87E0 /* Products */,
			);
			sourceTree = "<group>";
		};
		81ED8FE11CC46ADA007A87E0 /* Products */ = {
			isa = PBXGroup;
			children = (
				81ED8FE01CC46ADA007A87E0 /* BubblePop.app */,
				81ED8FF91CC46ADA007A87E0 /* BubblePopTests.xctest */,
				81ED90041CC46ADA007A87E0 /* BubblePopUITests.xctest */,
			);
			name = Products;
			sourceTree = "<group>";
		};
		81ED8FE21CC46ADA007A87E0 /* BubblePop */ = {
			isa = PBXGroup;
			children = (
				81B75E761CCF116A00307135 /* Class */,
				81ED8FEF1CC46ADA007A87E0 /* Assets.xcassets */,
				81ED8FF11CC46ADA007A87E0 /* LaunchScreen.storyboard */,
				81ED8FF41CC46ADA007A87E0 /* Info.plist */,
				81ED8FE31CC46ADA007A87E0 /* Supporting Files */,
			);
			path = BubblePop;
			sourceTree = "<group>";
		};
		81ED8FE31CC46ADA007A87E0 /* Supporting Files */ = {
			isa = PBXGroup;
			children = (
			);
			name = "Supporting Files";
			sourceTree = "<group>";
		};
		81ED8FFC1CC46ADA007A87E0 /* BubblePopTests */ = {
			isa = PBXGroup;
			children = (
				81ED8FFD1CC46ADA007A87E0 /* BubblePopTests.m */,
				81ED8FFF1CC46ADA007A87E0 /* Info.plist */,
			);
			path = BubblePopTests;
			sourceTree = "<group>";
		};
		81ED90071CC46ADA007A87E0 /* BubblePopUITests */ = {
			isa = PBXGroup;
			children = (
				81ED90081CC46ADA007A87E0 /* BubblePopUITests.m */,
				81ED900A1CC46ADA007A87E0 /* Info.plist */,
			);
			path = BubblePopUITests;
			sourceTree = "<group>";
		};
/* End PBXGroup section */

/* Begin PBXNativeTarget section */
		81ED8FDF1CC46ADA007A87E0 /* BubblePop */ = {
			isa = PBXNativeTarget;
			buildConfigurationList = 81ED900D1CC46ADA007A87E0 /* Build configuration list for PBXNativeTarget "BubblePop" */;
			buildPhases = (
				81ED8FDC1CC46ADA007A87E0 /* Sources */,
				81ED8FDD1CC46ADA007A87E0 /* Frameworks */,
				81ED8FDE1CC46ADA007A87E0 /* Resources */,
			);
			buildRules = (
			);
			dependencies = (
			);
			name = BubblePop;
			productName = BubblePop;
			productReference = 81ED8FE01CC46ADA007A87E0 /* BubblePop.app */;
			productType = "com.apple.product-type.application";
		};
		81ED8FF81CC46ADA007A87E0 /* BubblePopTests */ = {
			isa = PBXNativeTarget;
			buildConfigurationList = 81ED90101CC46ADA007A87E0 /* Build configuration list for PBXNativeTarget "BubblePopTests" */;
			buildPhases = (
				81ED8FF51CC46ADA007A87E0 /* Sources */,
				81ED8FF61CC46ADA007A87E0 /* Frameworks */,
				81ED8FF71CC46ADA007A87E0 /* Resources */,
			);
			buildRules = (
			);
			dependencies = (
				81ED8FFB1CC46ADA007A87E0 /* PBXTargetDependency */,
			);
			name = BubblePopTests;
			productName = BubblePopTests;
			productReference = 81ED8FF91CC46ADA007A87E0 /* BubblePopTests.xctest */;
			productType = "com.apple.product-type.bundle.unit-test";
		};
		81ED90031CC46ADA007A87E0 /* BubblePopUITests */ = {
			isa = PBXNativeTarget;
			buildConfigurationList = 81ED90131CC46ADA007A87E0 /* Build configuration list for PBXNativeTarget "BubblePopUITests" */;
			buildPhases = (
				81ED90001CC46ADA007A87E0 /* Sources */,
				81ED90011CC46ADA007A87E0 /* Frameworks */,
				81ED90021CC46ADA007A87E0 /* Resources */,
			);
			buildRules = (
			);
			dependencies = (
				81ED90061CC46ADA007A87E0 /* PBXTargetDependency */,
			);
			name = BubblePopUITests;
			productName = BubblePopUITests;
			productReference = 81ED90041CC46ADA007A87E0 /* BubblePopUITests.xctest */;
			productType = "com.apple.product-type.bundle.ui-testing";
		};
/* End PBXNativeTarget section */

/* Begin PBXProject section */
		81ED8FD81CC46ADA007A87E0 /* Project object */ = {
			isa = PBXProject;
			attributes = {
				CLASSPREFIX = BP;
				LastUpgradeCheck = 0700;
				ORGANIZATIONNAME = Ios;
				TargetAttributes = {
					81ED8FDF1CC46ADA007A87E0 = {
						CreatedOnToolsVersion = 7.0.1;
						DevelopmentTeam = 8NN2X6ZJB2;
					};
					81ED8FF81CC46ADA007A87E0 = {
						CreatedOnToolsVersion = 7.0.1;
						TestTargetID = 81ED8FDF1CC46ADA007A87E0;
					};
					81ED90031CC46ADA007A87E0 = {
						CreatedOnToolsVersion = 7.0.1;
						TestTargetID = 81ED8FDF1CC46ADA007A87E0;
					};
				};
			};
			buildConfigurationList = 81ED8FDB1CC46ADA007A87E0 /* Build configuration list for PBXProject "BubblePop" */;
			compatibilityVersion = "Xcode 3.2";
			developmentRegion = English;
			hasScannedForEncodings = 0;
			knownRegions = (
				en,
				Base,
			);
			mainGroup = 81ED8FD71CC46ADA007A87E0;
			productRefGroup = 81ED8FE11CC46ADA007A87E0 /* Products */;
			projectDirPath = "";
			projectRoot = "";
			targets = (
				81ED8FDF1CC46ADA007A87E0 /* BubblePop */,
				81ED8FF81CC46ADA007A87E0 /* BubblePopTests */,
				81ED90031CC46ADA007A87E0 /* BubblePopUITests */,
			);
		};
/* End PBXProject section */

/* Begin PBXResourcesBuildPhase section */
		81ED8FDE1CC46ADA007A87E0 /* Resources */ = {
			isa = PBXResourcesBuildPhase;
			buildActionMask = 2147483647;
			files = (
				81B75EAF1CCF116A00307135 /* BPView.xib in Resources */,
				81B75EBF1CCF116A00307135 /* BPTableViewCell.xib in Resources */,
				81B75EBC1CCF116A00307135 /* BPIntroduce.xib in Resources */,
				81B75EB01CCF116A00307135 /* Storyboard.storyboard in Resources */,
				81ED8FF31CC46ADA007A87E0 /* LaunchScreen.storyboard in Resources */,
				81B75EBB1CCF116A00307135 /* BPAlterController.xib in Resources */,
				81ED8FF01CC46ADA007A87E0 /* Assets.xcassets in Resources */,
				81B75EBD1CCF116A00307135 /* BPNextController.xib in Resources */,
			);
			runOnlyForDeploymentPostprocessing = 0;
		};
		81ED8FF71CC46ADA007A87E0 /* Resources */ = {
			isa = PBXResourcesBuildPhase;
			buildActionMask = 2147483647;
			files = (
			);
			runOnlyForDeploymentPostprocessing = 0;
		};
		81ED90021CC46ADA007A87E0 /* Resources */ = {
			isa = PBXResourcesBuildPhase;
			buildActionMask = 2147483647;
			files = (
			);
			runOnlyForDeploymentPostprocessing = 0;
		};
/* End PBXResourcesBuildPhase section */

/* Begin PBXSourcesBuildPhase section */
		81ED8FDC1CC46ADA007A87E0 /* Sources */ = {
			isa = PBXSourcesBuildPhase;
			buildActionMask = 2147483647;
			files = (
				81B75EB71CCF116A00307135 /* BPTableController.m in Sources */,
				81B75EAC1CCF116A00307135 /* BPNavigationBar.m in Sources */,
				81B75EAA1CCF116A00307135 /* UIView+BPView.m in Sources */,
				81B75EC31CCF7C6F00307135 /* BPTableViewCell.m in Sources */,
				81B75EB51CCF116A00307135 /* BPNextController.m in Sources */,
				81B75EB41CCF116A00307135 /* BPIntroduce.m in Sources */,
				81B75EB11CCF116A00307135 /* AppDelegate.m in Sources */,
				81B75EAD1CCF116A00307135 /* BPViewController.m in Sources */,
				81B75EB31CCF116A00307135 /* BPAlterController.m in Sources */,
				81B75EC01CCF116A00307135 /* BPTools.m in Sources */,
				81B75EB91CCF116A00307135 /* BPPath.m in Sources */,
				81B75EB61CCF116A00307135 /* BPScoreController.m in Sources */,
				81B75EAE1CCF116A00307135 /* BPButton.m in Sources */,
				81B75EB81CCF116A00307135 /* BPTableViewController.m in Sources */,
				81B75EB21CCF116A00307135 /* main.m in Sources */,
				81B75EBA1CCF116A00307135 /* BPScore.m in Sources */,
				81B75EAB1CCF116A00307135 /* BPNaviController.m in Sources */,
			);
			runOnlyForDeploymentPostprocessing = 0;
		};
		81ED8FF51CC46ADA007A87E0 /* Sources */ = {
			isa = PBXSourcesBuildPhase;
			buildActionMask = 2147483647;
			files = (
				81ED8FFE1CC46ADA007A87E0 /* BubblePopTests.m in Sources */,
			);
			runOnlyForDeploymentPostprocessing = 0;
		};
		81ED90001CC46ADA007A87E0 /* Sources */ = {
			isa = PBXSourcesBuildPhase;
			buildActionMask = 2147483647;
			files = (
				81ED90091CC46ADA007A87E0 /* BubblePopUITests.m in Sources */,
			);
			runOnlyForDeploymentPostprocessing = 0;
		};
/* End PBXSourcesBuildPhase section */

/* Begin PBXTargetDependency section */
		81ED8FFB1CC46ADA007A87E0 /* PBXTargetDependency */ = {
			isa = PBXTargetDependency;
			target = 81ED8FDF1CC46ADA007A87E0 /* BubblePop */;
			targetProxy = 81ED8FFA1CC46ADA007A87E0 /* PBXContainerItemProxy */;
		};
		81ED90061CC46ADA007A87E0 /* PBXTargetDependency */ = {
			isa = PBXTargetDependency;
			target = 81ED8FDF1CC46ADA007A87E0 /* BubblePop */;
			targetProxy = 81ED90051CC46ADA007A87E0 /* PBXContainerItemProxy */;
		};
/* End PBXTargetDependency section */

/* Begin PBXVariantGroup section */
		81ED8FF11CC46ADA007A87E0 /* LaunchScreen.storyboard */ = {
			isa = PBXVariantGroup;
			children = (
				81ED8FF21CC46ADA007A87E0 /* Base */,
			);
			name = LaunchScreen.storyboard;
			sourceTree = "<group>";
		};
/* End PBXVariantGroup section */

/* Begin XCBuildConfiguration section */
		81ED900B1CC46ADA007A87E0 /* Debug */ = {
			isa = XCBuildConfiguration;
			buildSettings = {
				ALWAYS_SEARCH_USER_PATHS = NO;
				CLANG_CXX_LANGUAGE_STANDARD = "gnu++0x";
				CLANG_CXX_LIBRARY = "libc++";
				CLANG_ENABLE_MODULES = YES;
				CLANG_ENABLE_OBJC_ARC = YES;
				CLANG_WARN_BOOL_CONVERSION = YES;
				CLANG_WARN_CONSTANT_CONVERSION = YES;
				CLANG_WARN_DIRECT_OBJC_ISA_USAGE = YES_ERROR;
				CLANG_WARN_EMPTY_BODY = YES;
				CLANG_WARN_ENUM_CONVERSION = YES;
				CLANG_WARN_INT_CONVERSION = YES;
				CLANG_WARN_OBJC_ROOT_CLASS = YES_ERROR;
				CLANG_WARN_UNREACHABLE_CODE = YES;
				CLANG_WARN__DUPLICATE_METHOD_MATCH = YES;
				"CODE_SIGN_IDENTITY[sdk=iphoneos*]" = "iPhone Developer";
				COPY_PHASE_STRIP = NO;
				DEBUG_INFORMATION_FORMAT = dwarf;
				ENABLE_STRICT_OBJC_MSGSEND = YES;
				ENABLE_TESTABILITY = YES;
				GCC_C_LANGUAGE_STANDARD = gnu99;
				GCC_DYNAMIC_NO_PIC = NO;
				GCC_NO_COMMON_BLOCKS = YES;
				GCC_OPTIMIZATION_LEVEL = 0;
				GCC_PREPROCESSOR_DEFINITIONS = (
					"DEBUG=1",
					"$(inherited)",
				);
				GCC_WARN_64_TO_32_BIT_CONVERSION = YES;
				GCC_WARN_ABOUT_RETURN_TYPE = YES_ERROR;
				GCC_WARN_UNDECLARED_SELECTOR = YES;
				GCC_WARN_UNINITIALIZED_AUTOS = YES_AGGRESSIVE;
				GCC_WARN_UNUSED_FUNCTION = YES;
				GCC_WARN_UNUSED_VARIABLE = YES;
				MTL_ENABLE_DEBUG_INFO = YES;
				ONLY_ACTIVE_ARCH = YES;
				SDKROOT = iphoneos;
				TARGETED_DEVICE_FAMILY = "1,2";
			};
			name = Debug;
		};
		81ED900C1CC46ADA007A87E0 /* Release */ = {
			isa = XCBuildConfiguration;
			buildSettings = {
				ALWAYS_SEARCH_USER_PATHS = NO;
				CLANG_CXX_LANGUAGE_STANDARD = "gnu++0x";
				CLANG_CXX_LIBRARY = "libc++";
				CLANG_ENABLE_MODULES = YES;
				CLANG_ENABLE_OBJC_ARC = YES;
				CLANG_WARN_BOOL_CONVERSION = YES;
				CLANG_WARN_CONSTANT_CONVERSION = YES;
				CLANG_WARN_DIRECT_OBJC_ISA_USAGE = YES_ERROR;
				CLANG_WARN_EMPTY_BODY = YES;
				CLANG_WARN_ENUM_CONVERSION = YES;
				CLANG_WARN_INT_CONVERSION = YES;
				CLANG_WARN_OBJC_ROOT_CLASS = YES_ERROR;
				CLANG_WARN_UNREACHABLE_CODE = YES;
				CLANG_WARN__DUPLICATE_METHOD_MATCH = YES;
				"CODE_SIGN_IDENTITY[sdk=iphoneos*]" = "iPhone Developer";
				COPY_PHASE_STRIP = NO;
				DEBUG_INFORMATION_FORMAT = "dwarf-with-dsym";
				ENABLE_NS_ASSERTIONS = NO;
				ENABLE_STRICT_OBJC_MSGSEND = YES;
				GCC_C_LANGUAGE_STANDARD = gnu99;
				GCC_NO_COMMON_BLOCKS = YES;
				GCC_WARN_64_TO_32_BIT_CONVERSION = YES;
				GCC_WARN_ABOUT_RETURN_TYPE = YES_ERROR;
				GCC_WARN_UNDECLARED_SELECTOR = YES;
				GCC_WARN_UNINITIALIZED_AUTOS = YES_AGGRESSIVE;
				GCC_WARN_UNUSED_FUNCTION = YES;
				GCC_WARN_UNUSED_VARIABLE = YES;
				MTL_ENABLE_DEBUG_INFO = NO;
				SDKROOT = iphoneos;
				TARGETED_DEVICE_FAMILY = "1,2";
				VALIDATE_PRODUCT = YES;
			};
			name = Release;
		};
		81ED900E1CC46ADA007A87E0 /* Debug */ = {
			isa = XCBuildConfiguration;
			buildSettings = {
				ASSETCATALOG_COMPILER_APPICON_NAME = AppIcon;
				CODE_SIGN_IDENTITY = "iPhone Developer";
				GCC_PRECOMPILE_PREFIX_HEADER = YES;
				GCC_PREFIX_HEADER = "$(PRODUCT_NAME)/Class/Other/PrefixHeader.pch";
				INFOPLIST_FILE = BubblePop/Info.plist;
				IPHONEOS_DEPLOYMENT_TARGET = 8.0;
				LD_RUNPATH_SEARCH_PATHS = "$(inherited) @executable_path/Frameworks";
				PRODUCT_BUNDLE_IDENTIFIER = tarena.BubblePop;
				PRODUCT_NAME = "$(TARGET_NAME)";
				TARGETED_DEVICE_FAMILY = 1;
			};
			name = Debug;
		};
		81ED900F1CC46ADA007A87E0 /* Release */ = {
			isa = XCBuildConfiguration;
			buildSettings = {
				ASSETCATALOG_COMPILER_APPICON_NAME = AppIcon;
				CODE_SIGN_IDENTITY = "iPhone Developer";
				GCC_PRECOMPILE_PREFIX_HEADER = YES;
				GCC_PREFIX_HEADER = "$(PRODUCT_NAME)/Class/Other/PrefixHeader.pch";
				INFOPLIST_FILE = BubblePop/Info.plist;
				IPHONEOS_DEPLOYMENT_TARGET = 8.0;
				LD_RUNPATH_SEARCH_PATHS = "$(inherited) @executable_path/Frameworks";
				PRODUCT_BUNDLE_IDENTIFIER = tarena.BubblePop;
				PRODUCT_NAME = "$(TARGET_NAME)";
				TARGETED_DEVICE_FAMILY = 1;
			};
			name = Release;
		};
		81ED90111CC46ADA007A87E0 /* Debug */ = {
			isa = XCBuildConfiguration;
			buildSettings = {
				BUNDLE_LOADER = "$(TEST_HOST)";
				INFOPLIST_FILE = BubblePopTests/Info.plist;
				LD_RUNPATH_SEARCH_PATHS = "$(inherited) @executable_path/Frameworks @loader_path/Frameworks";
				PRODUCT_BUNDLE_IDENTIFIER = tarena.BubblePopTests;
				PRODUCT_NAME = "$(TARGET_NAME)";
				TEST_HOST = "$(BUILT_PRODUCTS_DIR)/BubblePop.app/BubblePop";
			};
			name = Debug;
		};
		81ED90121CC46ADA007A87E0 /* Release */ = {
			isa = XCBuildConfiguration;
			buildSettings = {
				BUNDLE_LOADER = "$(TEST_HOST)";
				INFOPLIST_FILE = BubblePopTests/Info.plist;
				LD_RUNPATH_SEARCH_PATHS = "$(inherited) @executable_path/Frameworks @loader_path/Frameworks";
				PRODUCT_BUNDLE_IDENTIFIER = tarena.BubblePopTests;
				PRODUCT_NAME = "$(TARGET_NAME)";
				TEST_HOST = "$(BUILT_PRODUCTS_DIR)/BubblePop.app/BubblePop";
			};
			name = Release;
		};
		81ED90141CC46ADA007A87E0 /* Debug */ = {
			isa = XCBuildConfiguration;
			buildSettings = {
				INFOPLIST_FILE = BubblePopUITests/Info.plist;
				LD_RUNPATH_SEARCH_PATHS = "$(inherited) @executable_path/Frameworks @loader_path/Frameworks";
				PRODUCT_BUNDLE_IDENTIFIER = tarena.BubblePopUITests;
				PRODUCT_NAME = "$(TARGET_NAME)";
				TEST_TARGET_NAME = BubblePop;
				USES_XCTRUNNER = YES;
			};
			name = Debug;
		};
		81ED90151CC46ADA007A87E0 /* Release */ = {
			isa = XCBuildConfiguration;
			buildSettings = {
				INFOPLIST_FILE = BubblePopUITests/Info.plist;
				LD_RUNPATH_SEARCH_PATHS = "$(inherited) @executable_path/Frameworks @loader_path/Frameworks";
				PRODUCT_BUNDLE_IDENTIFIER = tarena.BubblePopUITests;
				PRODUCT_NAME = "$(TARGET_NAME)";
				TEST_TARGET_NAME = BubblePop;
				USES_XCTRUNNER = YES;
			};
			name = Release;
		};
/* End XCBuildConfiguration section */

/* Begin XCConfigurationList section */
		81ED8FDB1CC46ADA007A87E0 /* Build configuration list for PBXProject "BubblePop" */ = {
			isa = XCConfigurationList;
			buildConfigurations = (
				81ED900B1CC46ADA007A87E0 /* Debug */,
				81ED900C1CC46ADA007A87E0 /* Release */,
			);
			defaultConfigurationIsVisible = 0;
			defaultConfigurationName = Release;
		};
		81ED900D1CC46ADA007A87E0 /* Build configuration list for PBXNativeTarget "BubblePop" */ = {
			isa = XCConfigurationList;
			buildConfigurations = (
				81ED900E1CC46ADA007A87E0 /* Debug */,
				81ED900F1CC46ADA007A87E0 /* Release */,
			);
			defaultConfigurationIsVisible = 0;
			defaultConfigurationName = Release;
		};
		81ED90101CC46ADA007A87E0 /* Build configuration list for PBXNativeTarget "BubblePopTests" */ = {
			isa = XCConfigurationList;
			buildConfigurations = (
				81ED90111CC46ADA007A87E0 /* Debug */,
				81ED90121CC46ADA007A87E0 /* Release */,
			);
			defaultConfigurationIsVisible = 0;
			defaultConfigurationName = Release;
		};
		81ED90131CC46ADA007A87E0 /* Build configuration list for PBXNativeTarget "BubblePopUITests" */ = {
			isa = XCConfigurationList;
			buildConfigurations = (
				81ED90141CC46ADA007A87E0 /* Debug */,
				81ED90151CC46ADA007A87E0 /* Release */,
			);
			defaultConfigurationIsVisible = 0;
			defaultConfigurationName = Release;
		};
/* End XCConfigurationList section */
	};
	rootObject = 81ED8FD81CC46ADA007A87E0 /* Project object */;
}
